{
  "name": "05-typescript",
  "version": "1.0.0",
  "lockfileVersion": 3,
  "requires": true,
  "packages": {
    "": {
      "name": "05-typescript",
      "version": "1.0.0",
      "license": "ISC",
      "dependencies": {
        "@shogo82148/a1notation": "^0.2.1",
        "@types/zxcvbn": "^4.4.5",
        "csv-parse": "^5.5.6",
        "zxcvbn": "^4.4.2"
      },
      "devDependencies": {
        "@types/node": "^22.7.4"
      }
    },
    "node_modules/@shogo82148/a1notation": {
      "version": "0.2.1",
      "resolved": "https://registry.npmjs.org/@shogo82148/a1notation/-/a1notation-0.2.1.tgz",
      "integrity": "sha512-1L0hhIr+Ezt0OJOW5Ta84lwbD4RX5fv2AD9tUvOy81gK5+9/bowJ+4xDVBlD+XAndc4NCRXGbESAavp2uJom8g==",
      "license": "MIT"
    },
    "node_modules/@types/node": {
      "version": "22.7.4",
      "resolved": "https://registry.npmjs.org/@types/node/-/node-22.7.4.tgz",
      "integrity": "sha512-y+NPi1rFzDs1NdQHHToqeiX2TIS79SWEAw9GYhkkx8bD0ChpfqC+n2j5OXOCpzfojBEBt6DnEnnG9MY0zk1XLg==",
      "dev": true,
      "license": "MIT",
      "dependencies": {
        "undici-types": "~6.19.2"
      }
    },
    "node_modules/@types/zxcvbn": {
      "version": "4.4.5",
      "resolved": "https://registry.npmjs.org/@types/zxcvbn/-/zxcvbn-4.4.5.tgz",
      "integrity": "sha512-FZJgC5Bxuqg7Rhsm/bx6gAruHHhDQ55r+s0JhDh8CQ16fD7NsJJ+p8YMMQDhSQoIrSmjpqqYWA96oQVMNkjRyA==",
      "license": "MIT"
    },
    "node_modules/csv-parse": {
      "version": "5.5.6",
      "resolved": "https://registry.npmjs.org/csv-parse/-/csv-parse-5.5.6.tgz",
      "integrity": "sha512-uNpm30m/AGSkLxxy7d9yRXpJQFrZzVWLFBkS+6ngPcZkw/5k3L/jjFuj7tVnEpRn+QgmiXr21nDlhCiUK4ij2A==",
      "license": "MIT"
    },
    "node_modules/undici-types": {
      "version": "6.19.8",
      "resolved": "https://registry.npmjs.org/undici-types/-/undici-types-6.19.8.tgz",
      "integrity": "sha512-ve2KP6f/JnbPBFyobGHuerC9g1FYGn/F8n1LWTwNxCEzd6IfqTwUQcNXgEtmmQ6DlRrC1hrSrBnCZPokRrDHjw==",
      "dev": true,
      "license": "MIT"
    },
    "node_modules/zxcvbn": {
      "version": "4.4.2",
      "resolved": "https://registry.npmjs.org/zxcvbn/-/zxcvbn-4.4.2.tgz",
      "integrity": "sha512-Bq0B+ixT/DMyG8kgX2xWcI5jUvCwqrMxSFam7m0lAf78nf04hv6lNCsyLYdyYTrCVMqNDY/206K7eExYCeSyUQ==",
      "license": "MIT"
    }
  }
}
